{
  "name": "lemon-cli",
  "version": "1.0.0",
  "lockfileVersion": 1,
  "requires": true,
  "dependencies": {
    "chalk": {
      "version": "2.4.2",
      "resolved": "http://npm.fat.qa.pab.com.cn/registry/chalk/download/chalk-2.4.2.tgz",
      "dev": true,
      "dependencies": {
        "ansi-styles": {
          "version": "http://npm.fat.qa.pab.com.cn/registry/ansi-styles/download/ansi-styles-3.2.1.tgz",
          "bundled": true,
          "dependencies": {
            "color-convert": {
              "version": "http://npm.fat.qa.pab.com.cn/registry/color-convert/download/color-convert-1.9.3.tgz"
            }
          }
        },
        "escape-string-regexp": {
          "version": "http://npm.fat.qa.pab.com.cn/registry/escape-string-regexp/download/escape-string-regexp-1.0.5.tgz",
          "bundled": true
        },
        "supports-color": {
          "version": "http://npm.fat.qa.pab.com.cn/registry/supports-color/download/supports-color-5.5.0.tgz",
          "bundled": true
        }
      }
    },
    "commander": {
      "version": "2.20.0",
      "resolved": "http://npm.fat.qa.pab.com.cn/registry/commander/download/commander-2.20.0.tgz",
      "dev": true
    },
    "inquirer": {
      "version": "6.4.0",
      "resolved": "http://npm.fat.qa.pab.com.cn/registry/inquirer/download/inquirer-6.4.0.tgz",
      "dev": true,
      "requires": {
        "chalk": "^2.4.2"
      },
      "dependencies": {
        "ansi-escapes": {
          "version": "http://npm.fat.qa.pab.com.cn/registry/ansi-escapes/download/ansi-escapes-3.2.0.tgz",
          "bundled": true
        },
        "chalk": {
          "version": "http://npm.fat.qa.pab.com.cn/registry/chalk/download/chalk-2.4.2.tgz",
          "bundled": true,
          "dependencies": {
            "ansi-styles": {
              "version": "http://npm.fat.qa.pab.com.cn/registry/ansi-styles/download/ansi-styles-3.2.1.tgz",
              "bundled": true,
              "dependencies": {}
            },
            "escape-string-regexp": {
              "version": "http://npm.fat.qa.pab.com.cn/registry/escape-string-regexp/download/escape-string-regexp-1.0.5.tgz",
              "bundled": true
            },
            "supports-color": {
              "version": "http://npm.fat.qa.pab.com.cn/registry/supports-color/download/supports-color-5.5.0.tgz",
              "bundled": true
            }
          }
        },
        "cli-cursor": {
          "version": "http://npm.fat.qa.pab.com.cn/registry/cli-cursor/download/cli-cursor-2.1.0.tgz",
          "bundled": true
        },
        "cli-width": {
          "version": "http://npm.fat.qa.pab.com.cn/registry/cli-width/download/cli-width-2.2.0.tgz",
          "bundled": true
        },
        "external-editor": {
          "version": "http://npm.fat.qa.pab.com.cn/registry/external-editor/download/external-editor-3.0.3.tgz",
          "bundled": true
        },
        "figures": {
          "version": "http://npm.fat.qa.pab.com.cn/registry/figures/download/figures-2.0.0.tgz",
          "bundled": true
        },
        "lodash": {
          "version": "http://npm.fat.qa.pab.com.cn/registry/lodash/download/lodash-4.17.11.tgz",
          "bundled": true
        },
        "mute-stream": {
          "version": "http://npm.fat.qa.pab.com.cn/registry/mute-stream/download/mute-stream-0.0.7.tgz",
          "bundled": true
        },
        "run-async": {
          "version": "http://npm.fat.qa.pab.com.cn/registry/run-async/download/run-async-2.3.0.tgz",
          "bundled": true
        },
        "rxjs": {
          "version": "http://npm.fat.qa.pab.com.cn/registry/rxjs/download/rxjs-6.5.2.tgz",
          "bundled": true
        },
        "string-width": {
          "version": "http://npm.fat.qa.pab.com.cn/registry/string-width/download/string-width-2.1.1.tgz",
          "bundled": true
        },
        "strip-ansi": {
          "version": "http://npm.fat.qa.pab.com.cn/registry/strip-ansi/download/strip-ansi-5.2.0.tgz",
          "bundled": true
        },
        "through": {
          "version": "http://npm.fat.qa.pab.com.cn/registry/through/download/through-2.3.8.tgz",
          "bundled": true
        }
      }
    },
    "shelljs": {
      "version": "0.8.3",
      "resolved": "http://npm.fat.qa.pab.com.cn/registry/shelljs/download/shelljs-0.8.3.tgz",
      "dev": true,
      "dependencies": {
        "glob": {
          "version": "http://npm.fat.qa.pab.com.cn/registry/glob/download/glob-7.1.4.tgz",
          "bundled": true,
          "dependencies": {
            "fs.realpath": {
              "version": "http://npm.fat.qa.pab.com.cn/registry/fs.realpath/download/fs.realpath-1.0.0.tgz",
              "bundled": true
            },
            "inflight": {
              "version": "http://npm.fat.qa.pab.com.cn/registry/inflight/download/inflight-1.0.6.tgz",
              "bundled": true
            },
            "inherits": {
              "version": "http://npm.fat.qa.pab.com.cn/registry/inherits/download/inherits-2.0.4.tgz",
              "bundled": true
            },
            "minimatch": {
              "version": "http://npm.fat.qa.pab.com.cn/registry/minimatch/download/minimatch-3.0.4.tgz",
              "bundled": true,
              "dependencies": {
                "brace-expansion": {
                  "version": "http://npm.fat.qa.pab.com.cn/registry/brace-expansion/download/brace-expansion-1.1.11.tgz",
                  "bundled": true,
                  "dependencies": {
                    "balanced-match": {
                      "version": "http://npm.fat.qa.pab.com.cn/registry/balanced-match/download/balanced-match-1.0.0.tgz",
                      "bundled": true
                    },
                    "concat-map": {
                      "version": "http://npm.fat.qa.pab.com.cn/registry/concat-map/download/concat-map-0.0.1.tgz",
                      "bundled": true
                    }
                  }
                }
              }
            },
            "once": {
              "version": "http://npm.fat.qa.pab.com.cn/registry/once/download/once-1.4.0.tgz",
              "bundled": true,
              "dependencies": {
                "wrappy": {
                  "version": "http://npm.fat.qa.pab.com.cn/registry/wrappy/download/wrappy-1.0.2.tgz"
                }
              }
            },
            "path-is-absolute": {
              "version": "http://npm.fat.qa.pab.com.cn/registry/path-is-absolute/download/path-is-absolute-1.0.1.tgz",
              "bundled": true
            }
          }
        },
        "interpret": {
          "version": "http://npm.fat.qa.pab.com.cn/registry/interpret/download/interpret-1.2.0.tgz",
          "bundled": true
        },
        "rechoir": {
          "version": "http://npm.fat.qa.pab.com.cn/registry/rechoir/download/rechoir-0.6.2.tgz",
          "bundled": true
        }
      }
    }
  }
}
